
Microsoft Visual Studio Solution File, Format Version 12.00
# Visual Studio Version 16
VisualStudioVersion = 16.0.32106.194
MinimumVisualStudioVersion = 10.0.40219.1
Project("{FAE04EC0-301F-11D3-BF4B-00C04F79EFBC}") = "hogwartsApi", "hogwartsApi\hogwartsApi.csproj", "{7AF1B3DE-68CD-4A76-9B86-88C5DADA2D92}"
EndProject
Global
	GlobalSection(SolutionConfigurationPlatforms) = preSolution
		Debug|Any CPU = Debug|Any CPU
		Release|Any CPU = Release|Any CPU
	EndGlobalSection
	GlobalSection(ProjectConfigurationPlatforms) = postSolution
		{7AF1B3DE-68CD-4A76-9B86-88C5DADA2D92}.Debug|Any CPU.ActiveCfg = Debug|Any CPU
		{7AF1B3DE-68CD-4A76-9B86-88C5DADA2D92}.Debug|Any CPU.Build.0 = Debug|Any CPU
		{7AF1B3DE-68CD-4A76-9B86-88C5DADA2D92}.Release|Any CPU.ActiveCfg = Release|Any CPU
		{7AF1B3DE-68CD-4A76-9B86-88C5DADA2D92}.Release|Any CPU.Build.0 = Release|Any CPU
	EndGlobalSection
	GlobalSection(SolutionProperties) = preSolution
		HideSolutionNode = FALSE
	EndGlobalSection
	GlobalSection(ExtensibilityGlobals) = postSolution
		SolutionGuid = {66CDE485-A0B2-45E6-B7FA-EBEB02AEA976}
	EndGlobalSection
EndGlobal
